
Microsoft Visual Studio Solution File, Format Version 12.00
# Visual Studio Version 16
VisualStudioVersion = 16.0.31729.503
MinimumVisualStudioVersion = 10.0.40219.1
Project("{9A19103F-16F7-4668-BE54-9A1E7A4F7556}") = "Class-3-AssociationRelation", "Class-3-AssociationRelation\Class-3-AssociationRelation.csproj", "{A8DA1311-834A-4460-B522-B05183195855}"
EndProject
Project("{9A19103F-16F7-4668-BE54-9A1E7A4F7556}") = "Day-5-Task", "Day-5-Task\Day-5-Task.csproj", "{400FDB04-00F6-4B3F-84D9-00F2682AAE67}"
EndProject
Project("{9A19103F-16F7-4668-BE54-9A1E7A4F7556}") = "Day-6", "Day-6\Day-6.csproj", "{6B74F82C-76E7-4729-BC39-F9D7F2F29C10}"
EndProject
Project("{9A19103F-16F7-4668-BE54-9A1E7A4F7556}") = "Day-7-Insert-Update", "Day-7-Insert-Update\Day-7-Insert-Update.csproj", "{AE48D156-E145-4E83-8155-D8560F0F8659}"
EndProject
Project("{FAE04EC0-301F-11D3-BF4B-00C04F79EFBC}") = "Day-8-Relationship", "Day-8-Relationship\Day-8-Relationship.csproj", "{68DC42E6-A723-4E9E-BBDD-6144AA5E67E3}"
EndProject
Global
	GlobalSection(SolutionConfigurationPlatforms) = preSolution
		Debug|Any CPU = Debug|Any CPU
		Release|Any CPU = Release|Any CPU
	EndGlobalSection
	GlobalSection(ProjectConfigurationPlatforms) = postSolution
		{A8DA1311-834A-4460-B522-B05183195855}.Debug|Any CPU.ActiveCfg = Debug|Any CPU
		{A8DA1311-834A-4460-B522-B05183195855}.Debug|Any CPU.Build.0 = Debug|Any CPU
		{A8DA1311-834A-4460-B522-B05183195855}.Release|Any CPU.ActiveCfg = Release|Any CPU
		{A8DA1311-834A-4460-B522-B05183195855}.Release|Any CPU.Build.0 = Release|Any CPU
		{400FDB04-00F6-4B3F-84D9-00F2682AAE67}.Debug|Any CPU.ActiveCfg = Debug|Any CPU
		{400FDB04-00F6-4B3F-84D9-00F2682AAE67}.Debug|Any CPU.Build.0 = Debug|Any CPU
		{400FDB04-00F6-4B3F-84D9-00F2682AAE67}.Release|Any CPU.ActiveCfg = Release|Any CPU
		{400FDB04-00F6-4B3F-84D9-00F2682AAE67}.Release|Any CPU.Build.0 = Release|Any CPU
		{6B74F82C-76E7-4729-BC39-F9D7F2F29C10}.Debug|Any CPU.ActiveCfg = Debug|Any CPU
		{6B74F82C-76E7-4729-BC39-F9D7F2F29C10}.Debug|Any CPU.Build.0 = Debug|Any CPU
		{6B74F82C-76E7-4729-BC39-F9D7F2F29C10}.Release|Any CPU.ActiveCfg = Release|Any CPU
		{6B74F82C-76E7-4729-BC39-F9D7F2F29C10}.Release|Any CPU.Build.0 = Release|Any CPU
		{AE48D156-E145-4E83-8155-D8560F0F8659}.Debug|Any CPU.ActiveCfg = Debug|Any CPU
		{AE48D156-E145-4E83-8155-D8560F0F8659}.Debug|Any CPU.Build.0 = Debug|Any CPU
		{AE48D156-E145-4E83-8155-D8560F0F8659}.Release|Any CPU.ActiveCfg = Release|Any CPU
		{AE48D156-E145-4E83-8155-D8560F0F8659}.Release|Any CPU.Build.0 = Release|Any CPU
		{68DC42E6-A723-4E9E-BBDD-6144AA5E67E3}.Debug|Any CPU.ActiveCfg = Debug|Any CPU
		{68DC42E6-A723-4E9E-BBDD-6144AA5E67E3}.Debug|Any CPU.Build.0 = Debug|Any CPU
		{68DC42E6-A723-4E9E-BBDD-6144AA5E67E3}.Release|Any CPU.ActiveCfg = Release|Any CPU
		{68DC42E6-A723-4E9E-BBDD-6144AA5E67E3}.Release|Any CPU.Build.0 = Release|Any CPU
	EndGlobalSection
	GlobalSection(SolutionProperties) = preSolution
		HideSolutionNode = FALSE
	EndGlobalSection
	GlobalSection(ExtensibilityGlobals) = postSolution
		SolutionGuid = {058B3F0F-3EC6-4104-8CD5-A87807A94C6B}
	EndGlobalSection
EndGlobal
